
Microsoft Visual Studio Solution File, Format Version 12.00
# Visual Studio Version 17
VisualStudioVersion = 17.14.37012.4
MinimumVisualStudioVersion = 10.0.40219.1
Project("{FAE04EC0-301F-11D3-BF4B-00C04F79EFBC}") = "ECommerce.API", "ECommerce.API\ECommerce.API.csproj", "{F97E8CC3-F0CE-44C8-BA7D-54468BC76D14}"
EndProject
Project("{FAE04EC0-301F-11D3-BF4B-00C04F79EFBC}") = "ECommerce.Core", "ECommerce.Core\ECommerce.Core.csproj", "{58AB48B4-19C5-4688-9D72-8E663FBE5A55}"
EndProject
Project("{FAE04EC0-301F-11D3-BF4B-00C04F79EFBC}") = "ECommerce.Application", "ECommerce.Application\ECommerce.Application.csproj", "{0B8B2FA0-B58C-4E33-8763-886C59F64CCA}"
EndProject
Project("{FAE04EC0-301F-11D3-BF4B-00C04F79EFBC}") = "ECommerce.Infrastructure", "ECommerce.Infrastructure\ECommerce.Infrastructure.csproj", "{CD543F57-E41A-4266-8DB3-4ED0AAE86951}"
EndProject
Project("{FAE04EC0-301F-11D3-BF4B-00C04F79EFBC}") = "ECommerce.Persistence", "ECommerce.Persistence\ECommerce.Persistence.csproj", "{D7D94FB6-C0F3-4608-BC9B-54DCC75F06FB}"
EndProject
Project("{FAE04EC0-301F-11D3-BF4B-00C04F79EFBC}") = "ECommerce.Domain", "ECommerce.Domain\ECommerce.Domain.csproj", "{1A2EBF3C-2789-4B01-8070-A9FC74F0F36D}"
EndProject
Project("{FAE04EC0-301F-11D3-BF4B-00C04F79EFBC}") = "ECommerce.Tests", "ECommerce.Tests\ECommerce.Tests.csproj", "{5C57F9D3-E717-4877-9ADC-714C35C7020D}"
EndProject
Project("{FAE04EC0-301F-11D3-BF4B-00C04F79EFBC}") = "ECommerce.Worker", "ECommerce.Worker\ECommerce.Worker.csproj", "{F0FB4CC8-3945-41A3-B1AB-E586FCDCA412}"
EndProject
Project("{FAE04EC0-301F-11D3-BF4B-00C04F79EFBC}") = "ECommerce.OutboxWorker", "ECommerce.OutboxWorker\ECommerce.OutboxWorker.csproj", "{492F18CF-D036-4438-811A-33A65C8D5E3E}"
EndProject
Global
	GlobalSection(SolutionConfigurationPlatforms) = preSolution
		Debug|Any CPU = Debug|Any CPU
		Debug|x64 = Debug|x64
		Debug|x86 = Debug|x86
		Release|Any CPU = Release|Any CPU
		Release|x64 = Release|x64
		Release|x86 = Release|x86
	EndGlobalSection
	GlobalSection(ProjectConfigurationPlatforms) = postSolution
		{F97E8CC3-F0CE-44C8-BA7D-54468BC76D14}.Debug|Any CPU.ActiveCfg = Debug|Any CPU
		{F97E8CC3-F0CE-44C8-BA7D-54468BC76D14}.Debug|Any CPU.Build.0 = Debug|Any CPU
		{F97E8CC3-F0CE-44C8-BA7D-54468BC76D14}.Debug|x64.ActiveCfg = Debug|Any CPU
		{F97E8CC3-F0CE-44C8-BA7D-54468BC76D14}.Debug|x64.Build.0 = Debug|Any CPU
		{F97E8CC3-F0CE-44C8-BA7D-54468BC76D14}.Debug|x86.ActiveCfg = Debug|Any CPU
		{F97E8CC3-F0CE-44C8-BA7D-54468BC76D14}.Debug|x86.Build.0 = Debug|Any CPU
		{F97E8CC3-F0CE-44C8-BA7D-54468BC76D14}.Release|Any CPU.ActiveCfg = Release|Any CPU
		{F97E8CC3-F0CE-44C8-BA7D-54468BC76D14}.Release|Any CPU.Build.0 = Release|Any CPU
		{F97E8CC3-F0CE-44C8-BA7D-54468BC76D14}.Release|x64.ActiveCfg = Release|Any CPU
		{F97E8CC3-F0CE-44C8-BA7D-54468BC76D14}.Release|x64.Build.0 = Release|Any CPU
		{F97E8CC3-F0CE-44C8-BA7D-54468BC76D14}.Release|x86.ActiveCfg = Release|Any CPU
		{F97E8CC3-F0CE-44C8-BA7D-54468BC76D14}.Release|x86.Build.0 = Release|Any CPU
		{58AB48B4-19C5-4688-9D72-8E663FBE5A55}.Debug|Any CPU.ActiveCfg = Debug|Any CPU
		{58AB48B4-19C5-4688-9D72-8E663FBE5A55}.Debug|Any CPU.Build.0 = Debug|Any CPU
		{58AB48B4-19C5-4688-9D72-8E663FBE5A55}.Debug|x64.ActiveCfg = Debug|Any CPU
		{58AB48B4-19C5-4688-9D72-8E663FBE5A55}.Debug|x64.Build.0 = Debug|Any CPU
		{58AB48B4-19C5-4688-9D72-8E663FBE5A55}.Debug|x86.ActiveCfg = Debug|Any CPU
		{58AB48B4-19C5-4688-9D72-8E663FBE5A55}.Debug|x86.Build.0 = Debug|Any CPU
		{58AB48B4-19C5-4688-9D72-8E663FBE5A55}.Release|Any CPU.ActiveCfg = Release|Any CPU
		{58AB48B4-19C5-4688-9D72-8E663FBE5A55}.Release|Any CPU.Build.0 = Release|Any CPU
		{58AB48B4-19C5-4688-9D72-8E663FBE5A55}.Release|x64.ActiveCfg = Release|Any CPU
		{58AB48B4-19C5-4688-9D72-8E663FBE5A55}.Release|x64.Build.0 = Release|Any CPU
		{58AB48B4-19C5-4688-9D72-8E663FBE5A55}.Release|x86.ActiveCfg = Release|Any CPU
		{58AB48B4-19C5-4688-9D72-8E663FBE5A55}.Release|x86.Build.0 = Release|Any CPU
		{0B8B2FA0-B58C-4E33-8763-886C59F64CCA}.Debug|Any CPU.ActiveCfg = Debug|Any CPU
		{0B8B2FA0-B58C-4E33-8763-886C59F64CCA}.Debug|Any CPU.Build.0 = Debug|Any CPU
		{0B8B2FA0-B58C-4E33-8763-886C59F64CCA}.Debug|x64.ActiveCfg = Debug|Any CPU
		{0B8B2FA0-B58C-4E33-8763-886C59F64CCA}.Debug|x64.Build.0 = Debug|Any CPU
		{0B8B2FA0-B58C-4E33-8763-886C59F64CCA}.Debug|x86.ActiveCfg = Debug|Any CPU
		{0B8B2FA0-B58C-4E33-8763-886C59F64CCA}.Debug|x86.Build.0 = Debug|Any CPU
		{0B8B2FA0-B58C-4E33-8763-886C59F64CCA}.Release|Any CPU.ActiveCfg = Release|Any CPU
		{0B8B2FA0-B58C-4E33-8763-886C59F64CCA}.Release|Any CPU.Build.0 = Release|Any CPU
		{0B8B2FA0-B58C-4E33-8763-886C59F64CCA}.Release|x64.ActiveCfg = Release|Any CPU
		{0B8B2FA0-B58C-4E33-8763-886C59F64CCA}.Release|x64.Build.0 = Release|Any CPU
		{0B8B2FA0-B58C-4E33-8763-886C59F64CCA}.Release|x86.ActiveCfg = Release|Any CPU
		{0B8B2FA0-B58C-4E33-8763-886C59F64CCA}.Release|x86.Build.0 = Release|Any CPU
		{CD543F57-E41A-4266-8DB3-4ED0AAE86951}.Debug|Any CPU.ActiveCfg = Debug|Any CPU
		{CD543F57-E41A-4266-8DB3-4ED0AAE86951}.Debug|Any CPU.Build.0 = Debug|Any CPU
		{CD543F57-E41A-4266-8DB3-4ED0AAE86951}.Debug|x64.ActiveCfg = Debug|Any CPU
		{CD543F57-E41A-4266-8DB3-4ED0AAE86951}.Debug|x64.Build.0 = Debug|Any CPU
		{CD543F57-E41A-4266-8DB3-4ED0AAE86951}.Debug|x86.ActiveCfg = Debug|Any CPU
		{CD543F57-E41A-4266-8DB3-4ED0AAE86951}.Debug|x86.Build.0 = Debug|Any CPU
		{CD543F57-E41A-4266-8DB3-4ED0AAE86951}.Release|Any CPU.ActiveCfg = Release|Any CPU
		{CD543F57-E41A-4266-8DB3-4ED0AAE86951}.Release|Any CPU.Build.0 = Release|Any CPU
		{CD543F57-E41A-4266-8DB3-4ED0AAE86951}.Release|x64.ActiveCfg = Release|Any CPU
		{CD543F57-E41A-4266-8DB3-4ED0AAE86951}.Release|x64.Build.0 = Release|Any CPU
		{CD543F57-E41A-4266-8DB3-4ED0AAE86951}.Release|x86.ActiveCfg = Release|Any CPU
		{CD543F57-E41A-4266-8DB3-4ED0AAE86951}.Release|x86.Build.0 = Release|Any CPU
		{D7D94FB6-C0F3-4608-BC9B-54DCC75F06FB}.Debug|Any CPU.ActiveCfg = Debug|Any CPU
		{D7D94FB6-C0F3-4608-BC9B-54DCC75F06FB}.Debug|Any CPU.Build.0 = Debug|Any CPU
		{D7D94FB6-C0F3-4608-BC9B-54DCC75F06FB}.Debug|x64.ActiveCfg = Debug|Any CPU
		{D7D94FB6-C0F3-4608-BC9B-54DCC75F06FB}.Debug|x64.Build.0 = Debug|Any CPU
		{D7D94FB6-C0F3-4608-BC9B-54DCC75F06FB}.Debug|x86.ActiveCfg = Debug|Any CPU
		{D7D94FB6-C0F3-4608-BC9B-54DCC75F06FB}.Debug|x86.Build.0 = Debug|Any CPU
		{D7D94FB6-C0F3-4608-BC9B-54DCC75F06FB}.Release|Any CPU.ActiveCfg = Release|Any CPU
		{D7D94FB6-C0F3-4608-BC9B-54DCC75F06FB}.Release|Any CPU.Build.0 = Release|Any CPU
		{D7D94FB6-C0F3-4608-BC9B-54DCC75F06FB}.Release|x64.ActiveCfg = Release|Any CPU
		{D7D94FB6-C0F3-4608-BC9B-54DCC75F06FB}.Release|x64.Build.0 = Release|Any CPU
		{D7D94FB6-C0F3-4608-BC9B-54DCC75F06FB}.Release|x86.ActiveCfg = Release|Any CPU
		{D7D94FB6-C0F3-4608-BC9B-54DCC75F06FB}.Release|x86.Build.0 = Release|Any CPU
		{1A2EBF3C-2789-4B01-8070-A9FC74F0F36D}.Debug|Any CPU.ActiveCfg = Debug|Any CPU
		{1A2EBF3C-2789-4B01-8070-A9FC74F0F36D}.Debug|Any CPU.Build.0 = Debug|Any CPU
		{1A2EBF3C-2789-4B01-8070-A9FC74F0F36D}.Debug|x64.ActiveCfg = Debug|Any CPU
		{1A2EBF3C-2789-4B01-8070-A9FC74F0F36D}.Debug|x64.Build.0 = Debug|Any CPU
		{1A2EBF3C-2789-4B01-8070-A9FC74F0F36D}.Debug|x86.ActiveCfg = Debug|Any CPU
		{1A2EBF3C-2789-4B01-8070-A9FC74F0F36D}.Debug|x86.Build.0 = Debug|Any CPU
		{1A2EBF3C-2789-4B01-8070-A9FC74F0F36D}.Release|Any CPU.ActiveCfg = Release|Any CPU
		{1A2EBF3C-2789-4B01-8070-A9FC74F0F36D}.Release|Any CPU.Build.0 = Release|Any CPU
		{1A2EBF3C-2789-4B01-8070-A9FC74F0F36D}.Release|x64.ActiveCfg = Release|Any CPU
		{1A2EBF3C-2789-4B01-8070-A9FC74F0F36D}.Release|x64.Build.0 = Release|Any CPU
		{1A2EBF3C-2789-4B01-8070-A9FC74F0F36D}.Release|x86.ActiveCfg = Release|Any CPU
		{1A2EBF3C-2789-4B01-8070-A9FC74F0F36D}.Release|x86.Build.0 = Release|Any CPU
		{5C57F9D3-E717-4877-9ADC-714C35C7020D}.Debug|Any CPU.ActiveCfg = Debug|Any CPU
		{5C57F9D3-E717-4877-9ADC-714C35C7020D}.Debug|Any CPU.Build.0 = Debug|Any CPU
		{5C57F9D3-E717-4877-9ADC-714C35C7020D}.Debug|x64.ActiveCfg = Debug|Any CPU
		{5C57F9D3-E717-4877-9ADC-714C35C7020D}.Debug|x64.Build.0 = Debug|Any CPU
		{5C57F9D3-E717-4877-9ADC-714C35C7020D}.Debug|x86.ActiveCfg = Debug|Any CPU
		{5C57F9D3-E717-4877-9ADC-714C35C7020D}.Debug|x86.Build.0 = Debug|Any CPU
		{5C57F9D3-E717-4877-9ADC-714C35C7020D}.Release|Any CPU.ActiveCfg = Release|Any CPU
		{5C57F9D3-E717-4877-9ADC-714C35C7020D}.Release|Any CPU.Build.0 = Release|Any CPU
		{5C57F9D3-E717-4877-9ADC-714C35C7020D}.Release|x64.ActiveCfg = Release|Any CPU
		{5C57F9D3-E717-4877-9ADC-714C35C7020D}.Release|x64.Build.0 = Release|Any CPU
		{5C57F9D3-E717-4877-9ADC-714C35C7020D}.Release|x86.ActiveCfg = Release|Any CPU
		{5C57F9D3-E717-4877-9ADC-714C35C7020D}.Release|x86.Build.0 = Release|Any CPU
		{F0FB4CC8-3945-41A3-B1AB-E586FCDCA412}.Debug|Any CPU.ActiveCfg = Debug|Any CPU
		{F0FB4CC8-3945-41A3-B1AB-E586FCDCA412}.Debug|Any CPU.Build.0 = Debug|Any CPU
		{F0FB4CC8-3945-41A3-B1AB-E586FCDCA412}.Debug|x64.ActiveCfg = Debug|Any CPU
		{F0FB4CC8-3945-41A3-B1AB-E586FCDCA412}.Debug|x64.Build.0 = Debug|Any CPU
		{F0FB4CC8-3945-41A3-B1AB-E586FCDCA412}.Debug|x86.ActiveCfg = Debug|Any CPU
		{F0FB4CC8-3945-41A3-B1AB-E586FCDCA412}.Debug|x86.Build.0 = Debug|Any CPU
		{F0FB4CC8-3945-41A3-B1AB-E586FCDCA412}.Release|Any CPU.ActiveCfg = Release|Any CPU
		{F0FB4CC8-3945-41A3-B1AB-E586FCDCA412}.Release|Any CPU.Build.0 = Release|Any CPU
		{F0FB4CC8-3945-41A3-B1AB-E586FCDCA412}.Release|x64.ActiveCfg = Release|Any CPU
		{F0FB4CC8-3945-41A3-B1AB-E586FCDCA412}.Release|x64.Build.0 = Release|Any CPU
		{F0FB4CC8-3945-41A3-B1AB-E586FCDCA412}.Release|x86.ActiveCfg = Release|Any CPU
		{F0FB4CC8-3945-41A3-B1AB-E586FCDCA412}.Release|x86.Build.0 = Release|Any CPU
		{492F18CF-D036-4438-811A-33A65C8D5E3E}.Debug|Any CPU.ActiveCfg = Debug|Any CPU
		{492F18CF-D036-4438-811A-33A65C8D5E3E}.Debug|Any CPU.Build.0 = Debug|Any CPU
		{492F18CF-D036-4438-811A-33A65C8D5E3E}.Debug|x64.ActiveCfg = Debug|Any CPU
		{492F18CF-D036-4438-811A-33A65C8D5E3E}.Debug|x64.Build.0 = Debug|Any CPU
		{492F18CF-D036-4438-811A-33A65C8D5E3E}.Debug|x86.ActiveCfg = Debug|Any CPU
		{492F18CF-D036-4438-811A-33A65C8D5E3E}.Debug|x86.Build.0 = Debug|Any CPU
		{492F18CF-D036-4438-811A-33A65C8D5E3E}.Release|Any CPU.ActiveCfg = Release|Any CPU
		{492F18CF-D036-4438-811A-33A65C8D5E3E}.Release|Any CPU.Build.0 = Release|Any CPU
		{492F18CF-D036-4438-811A-33A65C8D5E3E}.Release|x64.ActiveCfg = Release|Any CPU
		{492F18CF-D036-4438-811A-33A65C8D5E3E}.Release|x64.Build.0 = Release|Any CPU
		{492F18CF-D036-4438-811A-33A65C8D5E3E}.Release|x86.ActiveCfg = Release|Any CPU
		{492F18CF-D036-4438-811A-33A65C8D5E3E}.Release|x86.Build.0 = Release|Any CPU
	EndGlobalSection
	GlobalSection(SolutionProperties) = preSolution
		HideSolutionNode = FALSE
	EndGlobalSection
	GlobalSection(ExtensibilityGlobals) = postSolution
		SolutionGuid = {BB973875-F865-49ED-8D1A-C5726BFA6C99}
	EndGlobalSection
EndGlobal
